
Microsoft Visual Studio Solution File, Format Version 12.00
# Visual Studio Version 17
VisualStudioVersion = 17.11.35222.181
MinimumVisualStudioVersion = 10.0.40219.1
Project("{2150E333-8FDC-42A3-9474-1A3956D46DE8}") = "Task 0", "Task 0", "{920FD04B-1D17-4A9B-910B-A96126550BDF}"
EndProject
Project("{9A19103F-16F7-4668-BE54-9A1E7A4F7556}") = "Tyuiu.SungurovSV.Sprint4.Task0.V17", "Tyuiu.SungurovSV.Sprint4.Task0.V17\Tyuiu.SungurovSV.Sprint4.Task0.V17.csproj", "{42E1BE51-3222-464B-B641-D5CC6E15DDB7}"
EndProject
Project("{9A19103F-16F7-4668-BE54-9A1E7A4F7556}") = "Tyuiu.SungurovSV.Sprint4.Task0.V17.Lib", "Tyuiu.SungurovSV.Sprint4.Task0.V17.Lib\Tyuiu.SungurovSV.Sprint4.Task0.V17.Lib.csproj", "{46024018-B4C2-4963-8D2B-13483D5EFF9E}"
EndProject
Project("{9A19103F-16F7-4668-BE54-9A1E7A4F7556}") = "Tyuiu.SungurovSV.Sprint4.Task0.V17.Test", "Tyuiu.SungurovSV.Sprint4.Task0.V17.Test\Tyuiu.SungurovSV.Sprint4.Task0.V17.Test.csproj", "{4BF86070-4F47-42DC-BCFF-BDB300B2DAAA}"
EndProject
Project("{2150E333-8FDC-42A3-9474-1A3956D46DE8}") = "Task1", "Task1", "{D813B393-B662-44E5-AFF3-29D727C41027}"
EndProject
Project("{FAE04EC0-301F-11D3-BF4B-00C04F79EFBC}") = "Tyuiu.SungurovSV.Sprint4.Task1.V27", "Tyuiu.SungurovSV.Sprint4.Task1.V27\Tyuiu.SungurovSV.Sprint4.Task1.V27.csproj", "{1745E8FE-DFFD-4788-8F5D-F1FD3517BAF0}"
EndProject
Project("{FAE04EC0-301F-11D3-BF4B-00C04F79EFBC}") = "Tyuiu.SungurovSV.Sprint4.Task1.V27.Test", "Tyuiu.SungurovSV.Sprint4.Task1.V27.Test\Tyuiu.SungurovSV.Sprint4.Task1.V27.Test.csproj", "{D7D584BC-2B7C-46D0-BCB0-23B9DE0C7E75}"
EndProject
Project("{FAE04EC0-301F-11D3-BF4B-00C04F79EFBC}") = "Tyuiu.SungurovSV.Sprint4.Task1.V27.Lib", "Tyuiu.SungurovSV.Sprint4.Task1.V27.Lib\Tyuiu.SungurovSV.Sprint4.Task1.V27.Lib.csproj", "{9892E3FD-45F6-44D0-8059-38F485B1AA4F}"
EndProject
Global
	GlobalSection(SolutionConfigurationPlatforms) = preSolution
		Debug|Any CPU = Debug|Any CPU
		Debug|x64 = Debug|x64
		Debug|x86 = Debug|x86
		Release|Any CPU = Release|Any CPU
		Release|x64 = Release|x64
		Release|x86 = Release|x86
	EndGlobalSection
	GlobalSection(ProjectConfigurationPlatforms) = postSolution
		{42E1BE51-3222-464B-B641-D5CC6E15DDB7}.Debug|Any CPU.ActiveCfg = Debug|Any CPU
		{42E1BE51-3222-464B-B641-D5CC6E15DDB7}.Debug|Any CPU.Build.0 = Debug|Any CPU
		{42E1BE51-3222-464B-B641-D5CC6E15DDB7}.Debug|x64.ActiveCfg = Debug|Any CPU
		{42E1BE51-3222-464B-B641-D5CC6E15DDB7}.Debug|x64.Build.0 = Debug|Any CPU
		{42E1BE51-3222-464B-B641-D5CC6E15DDB7}.Debug|x86.ActiveCfg = Debug|Any CPU
		{42E1BE51-3222-464B-B641-D5CC6E15DDB7}.Debug|x86.Build.0 = Debug|Any CPU
		{42E1BE51-3222-464B-B641-D5CC6E15DDB7}.Release|Any CPU.ActiveCfg = Release|Any CPU
		{42E1BE51-3222-464B-B641-D5CC6E15DDB7}.Release|Any CPU.Build.0 = Release|Any CPU
		{42E1BE51-3222-464B-B641-D5CC6E15DDB7}.Release|x64.ActiveCfg = Release|Any CPU
		{42E1BE51-3222-464B-B641-D5CC6E15DDB7}.Release|x64.Build.0 = Release|Any CPU
		{42E1BE51-3222-464B-B641-D5CC6E15DDB7}.Release|x86.ActiveCfg = Release|Any CPU
		{42E1BE51-3222-464B-B641-D5CC6E15DDB7}.Release|x86.Build.0 = Release|Any CPU
		{46024018-B4C2-4963-8D2B-13483D5EFF9E}.Debug|Any CPU.ActiveCfg = Debug|Any CPU
		{46024018-B4C2-4963-8D2B-13483D5EFF9E}.Debug|Any CPU.Build.0 = Debug|Any CPU
		{46024018-B4C2-4963-8D2B-13483D5EFF9E}.Debug|x64.ActiveCfg = Debug|Any CPU
		{46024018-B4C2-4963-8D2B-13483D5EFF9E}.Debug|x64.Build.0 = Debug|Any CPU
		{46024018-B4C2-4963-8D2B-13483D5EFF9E}.Debug|x86.ActiveCfg = Debug|Any CPU
		{46024018-B4C2-4963-8D2B-13483D5EFF9E}.Debug|x86.Build.0 = Debug|Any CPU
		{46024018-B4C2-4963-8D2B-13483D5EFF9E}.Release|Any CPU.ActiveCfg = Release|Any CPU
		{46024018-B4C2-4963-8D2B-13483D5EFF9E}.Release|Any CPU.Build.0 = Release|Any CPU
		{46024018-B4C2-4963-8D2B-13483D5EFF9E}.Release|x64.ActiveCfg = Release|Any CPU
		{46024018-B4C2-4963-8D2B-13483D5EFF9E}.Release|x64.Build.0 = Release|Any CPU
		{46024018-B4C2-4963-8D2B-13483D5EFF9E}.Release|x86.ActiveCfg = Release|Any CPU
		{46024018-B4C2-4963-8D2B-13483D5EFF9E}.Release|x86.Build.0 = Release|Any CPU
		{4BF86070-4F47-42DC-BCFF-BDB300B2DAAA}.Debug|Any CPU.ActiveCfg = Debug|Any CPU
		{4BF86070-4F47-42DC-BCFF-BDB300B2DAAA}.Debug|Any CPU.Build.0 = Debug|Any CPU
		{4BF86070-4F47-42DC-BCFF-BDB300B2DAAA}.Debug|x64.ActiveCfg = Debug|Any CPU
		{4BF86070-4F47-42DC-BCFF-BDB300B2DAAA}.Debug|x64.Build.0 = Debug|Any CPU
		{4BF86070-4F47-42DC-BCFF-BDB300B2DAAA}.Debug|x86.ActiveCfg = Debug|Any CPU
		{4BF86070-4F47-42DC-BCFF-BDB300B2DAAA}.Debug|x86.Build.0 = Debug|Any CPU
		{4BF86070-4F47-42DC-BCFF-BDB300B2DAAA}.Release|Any CPU.ActiveCfg = Release|Any CPU
		{4BF86070-4F47-42DC-BCFF-BDB300B2DAAA}.Release|Any CPU.Build.0 = Release|Any CPU
		{4BF86070-4F47-42DC-BCFF-BDB300B2DAAA}.Release|x64.ActiveCfg = Release|Any CPU
		{4BF86070-4F47-42DC-BCFF-BDB300B2DAAA}.Release|x64.Build.0 = Release|Any CPU
		{4BF86070-4F47-42DC-BCFF-BDB300B2DAAA}.Release|x86.ActiveCfg = Release|Any CPU
		{4BF86070-4F47-42DC-BCFF-BDB300B2DAAA}.Release|x86.Build.0 = Release|Any CPU
		{1745E8FE-DFFD-4788-8F5D-F1FD3517BAF0}.Debug|Any CPU.ActiveCfg = Debug|Any CPU
		{1745E8FE-DFFD-4788-8F5D-F1FD3517BAF0}.Debug|Any CPU.Build.0 = Debug|Any CPU
		{1745E8FE-DFFD-4788-8F5D-F1FD3517BAF0}.Debug|x64.ActiveCfg = Debug|Any CPU
		{1745E8FE-DFFD-4788-8F5D-F1FD3517BAF0}.Debug|x64.Build.0 = Debug|Any CPU
		{1745E8FE-DFFD-4788-8F5D-F1FD3517BAF0}.Debug|x86.ActiveCfg = Debug|Any CPU
		{1745E8FE-DFFD-4788-8F5D-F1FD3517BAF0}.Debug|x86.Build.0 = Debug|Any CPU
		{1745E8FE-DFFD-4788-8F5D-F1FD3517BAF0}.Release|Any CPU.ActiveCfg = Release|Any CPU
		{1745E8FE-DFFD-4788-8F5D-F1FD3517BAF0}.Release|Any CPU.Build.0 = Release|Any CPU
		{1745E8FE-DFFD-4788-8F5D-F1FD3517BAF0}.Release|x64.ActiveCfg = Release|Any CPU
		{1745E8FE-DFFD-4788-8F5D-F1FD3517BAF0}.Release|x64.Build.0 = Release|Any CPU
		{1745E8FE-DFFD-4788-8F5D-F1FD3517BAF0}.Release|x86.ActiveCfg = Release|Any CPU
		{1745E8FE-DFFD-4788-8F5D-F1FD3517BAF0}.Release|x86.Build.0 = Release|Any CPU
		{D7D584BC-2B7C-46D0-BCB0-23B9DE0C7E75}.Debug|Any CPU.ActiveCfg = Debug|Any CPU
		{D7D584BC-2B7C-46D0-BCB0-23B9DE0C7E75}.Debug|Any CPU.Build.0 = Debug|Any CPU
		{D7D584BC-2B7C-46D0-BCB0-23B9DE0C7E75}.Debug|x64.ActiveCfg = Debug|Any CPU
		{D7D584BC-2B7C-46D0-BCB0-23B9DE0C7E75}.Debug|x64.Build.0 = Debug|Any CPU
		{D7D584BC-2B7C-46D0-BCB0-23B9DE0C7E75}.Debug|x86.ActiveCfg = Debug|Any CPU
		{D7D584BC-2B7C-46D0-BCB0-23B9DE0C7E75}.Debug|x86.Build.0 = Debug|Any CPU
		{D7D584BC-2B7C-46D0-BCB0-23B9DE0C7E75}.Release|Any CPU.ActiveCfg = Release|Any CPU
		{D7D584BC-2B7C-46D0-BCB0-23B9DE0C7E75}.Release|Any CPU.Build.0 = Release|Any CPU
		{D7D584BC-2B7C-46D0-BCB0-23B9DE0C7E75}.Release|x64.ActiveCfg = Release|Any CPU
		{D7D584BC-2B7C-46D0-BCB0-23B9DE0C7E75}.Release|x64.Build.0 = Release|Any CPU
		{D7D584BC-2B7C-46D0-BCB0-23B9DE0C7E75}.Release|x86.ActiveCfg = Release|Any CPU
		{D7D584BC-2B7C-46D0-BCB0-23B9DE0C7E75}.Release|x86.Build.0 = Release|Any CPU
		{9892E3FD-45F6-44D0-8059-38F485B1AA4F}.Debug|Any CPU.ActiveCfg = Debug|Any CPU
		{9892E3FD-45F6-44D0-8059-38F485B1AA4F}.Debug|Any CPU.Build.0 = Debug|Any CPU
		{9892E3FD-45F6-44D0-8059-38F485B1AA4F}.Debug|x64.ActiveCfg = Debug|Any CPU
		{9892E3FD-45F6-44D0-8059-38F485B1AA4F}.Debug|x64.Build.0 = Debug|Any CPU
		{9892E3FD-45F6-44D0-8059-38F485B1AA4F}.Debug|x86.ActiveCfg = Debug|Any CPU
		{9892E3FD-45F6-44D0-8059-38F485B1AA4F}.Debug|x86.Build.0 = Debug|Any CPU
		{9892E3FD-45F6-44D0-8059-38F485B1AA4F}.Release|Any CPU.ActiveCfg = Release|Any CPU
		{9892E3FD-45F6-44D0-8059-38F485B1AA4F}.Release|Any CPU.Build.0 = Release|Any CPU
		{9892E3FD-45F6-44D0-8059-38F485B1AA4F}.Release|x64.ActiveCfg = Release|Any CPU
		{9892E3FD-45F6-44D0-8059-38F485B1AA4F}.Release|x64.Build.0 = Release|Any CPU
		{9892E3FD-45F6-44D0-8059-38F485B1AA4F}.Release|x86.ActiveCfg = Release|Any CPU
		{9892E3FD-45F6-44D0-8059-38F485B1AA4F}.Release|x86.Build.0 = Release|Any CPU
	EndGlobalSection
	GlobalSection(SolutionProperties) = preSolution
		HideSolutionNode = FALSE
	EndGlobalSection
	GlobalSection(NestedProjects) = preSolution
		{42E1BE51-3222-464B-B641-D5CC6E15DDB7} = {920FD04B-1D17-4A9B-910B-A96126550BDF}
		{46024018-B4C2-4963-8D2B-13483D5EFF9E} = {920FD04B-1D17-4A9B-910B-A96126550BDF}
		{4BF86070-4F47-42DC-BCFF-BDB300B2DAAA} = {920FD04B-1D17-4A9B-910B-A96126550BDF}
		{1745E8FE-DFFD-4788-8F5D-F1FD3517BAF0} = {D813B393-B662-44E5-AFF3-29D727C41027}
		{D7D584BC-2B7C-46D0-BCB0-23B9DE0C7E75} = {D813B393-B662-44E5-AFF3-29D727C41027}
		{9892E3FD-45F6-44D0-8059-38F485B1AA4F} = {D813B393-B662-44E5-AFF3-29D727C41027}
	EndGlobalSection
	GlobalSection(ExtensibilityGlobals) = postSolution
		SolutionGuid = {F97C22FA-A1F5-4399-9805-5BE47DBA8FC8}
	EndGlobalSection
EndGlobal
